
Microsoft Visual Studio Solution File, Format Version 12.00
# Visual Studio 2013
VisualStudioVersion = 12.0.31101.0
MinimumVisualStudioVersion = 10.0.40219.1
Project("{FAE04EC0-301F-11D3-BF4B-00C04F79EFBC}") = "NTextCat-Sandbox", "NTextCat-Sandbox\NTextCat-Sandbox.csproj", "{286A42D5-83A5-46BA-A332-E26AA6634EBC}"
EndProject
Project("{FAE04EC0-301F-11D3-BF4B-00C04F79EFBC}") = "Nancy-Example", "Nancy-Example\Nancy-Example.csproj", "{ED638DD5-E755-4B7A-940D-5C94AB425686}"
EndProject
Project("{FAE04EC0-301F-11D3-BF4B-00C04F79EFBC}") = "WhatDoesRazorLookLike", "WhatDoesRazorLookLike\WhatDoesRazorLookLike.csproj", "{908333EB-BC8E-4FB8-8141-2012AB51026A}"
EndProject
Project("{2150E333-8FDC-42A3-9474-1A3956D46DE8}") = "JsonHal nuget lib tests", "JsonHal nuget lib tests", "{CAB68DBF-9E55-4EE9-899C-F0D91249D185}"
EndProject
Project("{FAE04EC0-301F-11D3-BF4B-00C04F79EFBC}") = "NancyWithJsonHal", "NancyWithJsonHal\NancyWithJsonHal.csproj", "{887A8565-4A10-44C8-82EF-F2F2D1D2BFBF}"
EndProject
Project("{FAE04EC0-301F-11D3-BF4B-00C04F79EFBC}") = "XmlFileReadingAndWriting", "XmlFileReadingAndWriting\XmlFileReadingAndWriting.csproj", "{835E05AA-1486-4DE4-855C-2CF968F47FC8}"
EndProject
Project("{FAE04EC0-301F-11D3-BF4B-00C04F79EFBC}") = "ServiceDiscoveryTests", "ServiceDiscoveryTests\ServiceDiscoveryTests.csproj", "{D3CB85F7-A09D-4166-A3B6-4F118AB12AB6}"
EndProject
<<<<<<< HEAD
Project("{9092AA53-FB77-4645-B42D-1CCCA6BD08BD}") = "TestingDebubbingNodeJs", "TestingDebubbingNodeJs\TestingDebubbingNodeJs.njsproj", "{83AAC9F6-1094-40FC-8CE9-2CA0FE8CCBAC}"
=======
Project("{9092AA53-FB77-4645-B42D-1CCCA6BD08BD}") = "TddPractieWithNodeJs", "TddPractieWithNodeJs\TddPractieWithNodeJs.njsproj", "{19A5DB58-0663-437C-B24E-E8D956B24603}"
>>>>>>> origin/master
EndProject
Global
	GlobalSection(SolutionConfigurationPlatforms) = preSolution
		Debug|Any CPU = Debug|Any CPU
		Release|Any CPU = Release|Any CPU
	EndGlobalSection
	GlobalSection(ProjectConfigurationPlatforms) = postSolution
		{286A42D5-83A5-46BA-A332-E26AA6634EBC}.Debug|Any CPU.ActiveCfg = Debug|Any CPU
		{286A42D5-83A5-46BA-A332-E26AA6634EBC}.Debug|Any CPU.Build.0 = Debug|Any CPU
		{286A42D5-83A5-46BA-A332-E26AA6634EBC}.Release|Any CPU.ActiveCfg = Release|Any CPU
		{286A42D5-83A5-46BA-A332-E26AA6634EBC}.Release|Any CPU.Build.0 = Release|Any CPU
		{ED638DD5-E755-4B7A-940D-5C94AB425686}.Debug|Any CPU.ActiveCfg = Debug|Any CPU
		{ED638DD5-E755-4B7A-940D-5C94AB425686}.Debug|Any CPU.Build.0 = Debug|Any CPU
		{ED638DD5-E755-4B7A-940D-5C94AB425686}.Release|Any CPU.ActiveCfg = Release|Any CPU
		{ED638DD5-E755-4B7A-940D-5C94AB425686}.Release|Any CPU.Build.0 = Release|Any CPU
		{908333EB-BC8E-4FB8-8141-2012AB51026A}.Debug|Any CPU.ActiveCfg = Debug|Any CPU
		{908333EB-BC8E-4FB8-8141-2012AB51026A}.Debug|Any CPU.Build.0 = Debug|Any CPU
		{908333EB-BC8E-4FB8-8141-2012AB51026A}.Release|Any CPU.ActiveCfg = Release|Any CPU
		{908333EB-BC8E-4FB8-8141-2012AB51026A}.Release|Any CPU.Build.0 = Release|Any CPU
		{887A8565-4A10-44C8-82EF-F2F2D1D2BFBF}.Debug|Any CPU.ActiveCfg = Debug|Any CPU
		{887A8565-4A10-44C8-82EF-F2F2D1D2BFBF}.Debug|Any CPU.Build.0 = Debug|Any CPU
		{887A8565-4A10-44C8-82EF-F2F2D1D2BFBF}.Release|Any CPU.ActiveCfg = Release|Any CPU
		{887A8565-4A10-44C8-82EF-F2F2D1D2BFBF}.Release|Any CPU.Build.0 = Release|Any CPU
		{835E05AA-1486-4DE4-855C-2CF968F47FC8}.Debug|Any CPU.ActiveCfg = Debug|Any CPU
		{835E05AA-1486-4DE4-855C-2CF968F47FC8}.Debug|Any CPU.Build.0 = Debug|Any CPU
		{835E05AA-1486-4DE4-855C-2CF968F47FC8}.Release|Any CPU.ActiveCfg = Release|Any CPU
		{835E05AA-1486-4DE4-855C-2CF968F47FC8}.Release|Any CPU.Build.0 = Release|Any CPU
		{D3CB85F7-A09D-4166-A3B6-4F118AB12AB6}.Debug|Any CPU.ActiveCfg = Debug|Any CPU
		{D3CB85F7-A09D-4166-A3B6-4F118AB12AB6}.Debug|Any CPU.Build.0 = Debug|Any CPU
		{D3CB85F7-A09D-4166-A3B6-4F118AB12AB6}.Release|Any CPU.ActiveCfg = Release|Any CPU
		{D3CB85F7-A09D-4166-A3B6-4F118AB12AB6}.Release|Any CPU.Build.0 = Release|Any CPU
<<<<<<< HEAD
		{83AAC9F6-1094-40FC-8CE9-2CA0FE8CCBAC}.Debug|Any CPU.ActiveCfg = Debug|Any CPU
		{83AAC9F6-1094-40FC-8CE9-2CA0FE8CCBAC}.Debug|Any CPU.Build.0 = Debug|Any CPU
		{83AAC9F6-1094-40FC-8CE9-2CA0FE8CCBAC}.Release|Any CPU.ActiveCfg = Release|Any CPU
		{83AAC9F6-1094-40FC-8CE9-2CA0FE8CCBAC}.Release|Any CPU.Build.0 = Release|Any CPU
=======
		{19A5DB58-0663-437C-B24E-E8D956B24603}.Debug|Any CPU.ActiveCfg = Debug|Any CPU
		{19A5DB58-0663-437C-B24E-E8D956B24603}.Debug|Any CPU.Build.0 = Debug|Any CPU
		{19A5DB58-0663-437C-B24E-E8D956B24603}.Release|Any CPU.ActiveCfg = Release|Any CPU
		{19A5DB58-0663-437C-B24E-E8D956B24603}.Release|Any CPU.Build.0 = Release|Any CPU
>>>>>>> origin/master
	EndGlobalSection
	GlobalSection(SolutionProperties) = preSolution
		HideSolutionNode = FALSE
	EndGlobalSection
	GlobalSection(NestedProjects) = preSolution
		{887A8565-4A10-44C8-82EF-F2F2D1D2BFBF} = {CAB68DBF-9E55-4EE9-899C-F0D91249D185}
	EndGlobalSection
EndGlobal
